# This file is automatically @generated by Poetry 2.1.1 and should not be changed by hand.

[[package]]
name = "future"
version = "1.0.0"
description = "Clean single-source support for Python 3 and 2"
optional = false
python-versions = ">=2.6, !=3.0.*, !=3.1.*, !=3.2.*"
groups = ["main"]
files = [
    {file = "future-1.0.0-py3-none-any.whl", hash = "sha256:929292d34f5872e70396626ef385ec22355a1fae8ad29e1a734c3e43f9fbc216"},
    {file = "future-1.0.0.tar.gz", hash = "sha256:bd2968309307861edae1458a4f8a4f3598c03be43b97521076aebf5d94c07b05"},
]

[[package]]
name = "gax-google-logging-v2"
version = "0.8.3"
description = "GAX library for the Google Logging API"
optional = false
python-versions = "*"
groups = ["main"]
files = [
    {file = "gax-google-logging-v2-0.8.3.tar.gz", hash = "sha256:c36cbb93e070b3b535e9fffff6879efe447e525dff75b62eb4564def515e1a18"},
]

[package.dependencies]
google-gax = ">=0.12.5,<0.13.0"
googleapis-common-protos = ">=1.1.0"
grpc-google-logging-v2 = ">=0.8.1,<0.9.0"
oauth2client = ">=1.4.11"

[[package]]
name = "gax-google-pubsub-v1"
version = "0.8.3"
description = "DEPRECATED"
optional = false
python-versions = "*"
groups = ["main"]
files = [
    {file = "gax-google-pubsub-v1-0.8.3.tar.gz", hash = "sha256:943df4aa05cf0302fa1616197d05e29adb62be2c0f55f80d8345439d72471526"},
]

[package.dependencies]
google-gax = ">=0.12.5,<0.13.0"
googleapis-common-protos = ">=1.1.0"
grpc-google-pubsub-v1 = ">=0.8.1,<0.9.0"
oauth2client = ">=1.4.11"

[[package]]
name = "gcloud"
version = "0.18.3"
description = "API Client library for Google Cloud"
optional = false
python-versions = "*"
groups = ["main"]
files = [
    {file = "gcloud-0.18.3.tar.gz", hash = "sha256:0af2dec59fce20561752f86e42d981c6a255e306a6c5e5d1fa3d358a8857e4fb"},
]

[package.dependencies]
gax-google-logging-v2 = ">=0.8.0,<0.9dev"
gax-google-pubsub-v1 = ">=0.8.0,<0.9dev"
google-gax = ">=0.12.3,<0.13dev"
googleapis-common-protos = "*"
grpc-google-logging-v2 = ">=0.8.0,<0.9dev"
grpc-google-pubsub-v1 = ">=0.8.0,<0.9dev"
grpcio = ">=1.0rc1"
httplib2 = ">=0.9.1"
oauth2client = ">=2.0.1"
protobuf = ">=3.0.0b2,<3.0.0.b2.post1 || >3.0.0.b2.post1"
six = "*"

[package.extras]
grpc = ["gax-google-logging-v2 (>=0.8.0,<0.9dev)", "gax-google-pubsub-v1 (>=0.8.0,<0.9dev)", "google-gax (>=0.12.3,<0.13dev)", "grpc-google-logging-v2 (>=0.8.0,<0.9dev)", "grpc-google-pubsub-v1 (>=0.8.0,<0.9dev)", "grpcio (>=1.0rc1)"]

[[package]]
name = "google-gax"
version = "0.12.5"
description = "Google API Extensions"
optional = false
python-versions = "*"
groups = ["main"]
files = [
    {file = "google-gax-0.12.5.tar.gz", hash = "sha256:63312a04cb87ca50e857245f05c582b2171807a30e61cef85006b983bf659cb9"},
]

[package.dependencies]
future = ">=0.15.2"
grpcio = ">=1.0rc1"
oauth2client = ">=1.5.2"
ply = "3.8"
protobuf = ">=3.0.0b3"

[[package]]
name = "googleapis-common-protos"
version = "1.69.2"
description = "Common protobufs used in Google APIs"
optional = false
python-versions = ">=3.7"
groups = ["main"]
files = [
    {file = "googleapis_common_protos-1.69.2-py3-none-any.whl", hash = "sha256:0b30452ff9c7a27d80bfc5718954063e8ab53dd3697093d3bc99581f5fd24212"},
    {file = "googleapis_common_protos-1.69.2.tar.gz", hash = "sha256:3e1b904a27a33c821b4b749fd31d334c0c9c30e6113023d495e48979a3dc9c5f"},
]

[package.dependencies]
protobuf = ">=3.20.2,<4.21.1 || >4.21.1,<4.21.2 || >4.21.2,<4.21.3 || >4.21.3,<4.21.4 || >4.21.4,<4.21.5 || >4.21.5,<7.0.0"

[package.extras]
grpc = ["grpcio (>=1.44.0,<2.0.0)"]

[[package]]
name = "grpc-google-logging-v2"
version = "0.8.1"
description = "GRPC library for the google-logging-v2 service"
optional = false
python-versions = "*"
groups = ["main"]
files = [
    {file = "grpc-google-logging-v2-0.8.1.tar.gz", hash = "sha256:4b6b4e603860b134b2cb8732bb4d1f2cec963d553497dcf70b3f5ecc99d7fb4f"},
]

[package.dependencies]
googleapis-common-protos = ">=1.1.0"
grpcio = ">=1.0rc1"
oauth2client = ">=1.4.11"

[[package]]
name = "grpc-google-pubsub-v1"
version = "0.8.1"
description = "GRPC library for the google-pubsub-v1 service"
optional = false
python-versions = "*"
groups = ["main"]
files = [
    {file = "grpc-google-pubsub-v1-0.8.1.tar.gz", hash = "sha256:ab5a3a239a9678012cdc00a9b9a8fe8c75fca9a0035da41da3078145e9d967b9"},
]

[package.dependencies]
googleapis-common-protos = ">=1.1.0"
grpcio = ">=1.0rc1"
oauth2client = ">=1.4.11"

[[package]]
name = "grpcio"
version = "1.71.0"
description = "HTTP/2-based RPC framework"
optional = false
python-versions = ">=3.9"
groups = ["main"]
files = [
    {file = "grpcio-1.71.0-cp310-cp310-linux_armv7l.whl", hash = "sha256:c200cb6f2393468142eb50ab19613229dcc7829b5ccee8b658a36005f6669fdd"},
    {file = "grpcio-1.71.0-cp310-cp310-macosx_12_0_universal2.whl", hash = "sha256:b2266862c5ad664a380fbbcdbdb8289d71464c42a8c29053820ee78ba0119e5d"},
    {file = "grpcio-1.71.0-cp310-cp310-manylinux_2_17_aarch64.whl", hash = "sha256:0ab8b2864396663a5b0b0d6d79495657ae85fa37dcb6498a2669d067c65c11ea"},
    {file = "grpcio-1.71.0-cp310-cp310-manylinux_2_17_i686.manylinux2014_i686.whl", hash = "sha256:c30f393f9d5ff00a71bb56de4aa75b8fe91b161aeb61d39528db6b768d7eac69"},
    {file = "grpcio-1.71.0-cp310-cp310-manylinux_2_17_x86_64.manylinux2014_x86_64.whl", hash = "sha256:f250ff44843d9a0615e350c77f890082102a0318d66a99540f54769c8766ab73"},
    {file = "grpcio-1.71.0-cp310-cp310-musllinux_1_1_aarch64.whl", hash = "sha256:e6d8de076528f7c43a2f576bc311799f89d795aa6c9b637377cc2b1616473804"},
    {file = "grpcio-1.71.0-cp310-cp310-musllinux_1_1_i686.whl", hash = "sha256:9b91879d6da1605811ebc60d21ab6a7e4bae6c35f6b63a061d61eb818c8168f6"},
    {file = "grpcio-1.71.0-cp310-cp310-musllinux_1_1_x86_64.whl", hash = "sha256:f71574afdf944e6652203cd1badcda195b2a27d9c83e6d88dc1ce3cfb73b31a5"},
    {file = "grpcio-1.71.0-cp310-cp310-win32.whl", hash = "sha256:8997d6785e93308f277884ee6899ba63baafa0dfb4729748200fcc537858a509"},
    {file = "grpcio-1.71.0-cp310-cp310-win_amd64.whl", hash = "sha256:7d6ac9481d9d0d129224f6d5934d5832c4b1cddb96b59e7eba8416868909786a"},
    {file = "grpcio-1.71.0-cp311-cp311-linux_armv7l.whl", hash = "sha256:d6aa986318c36508dc1d5001a3ff169a15b99b9f96ef5e98e13522c506b37eef"},
    {file = "grpcio-1.71.0-cp311-cp311-macosx_10_14_universal2.whl", hash = "sha256:d2c170247315f2d7e5798a22358e982ad6eeb68fa20cf7a820bb74c11f0736e7"},
    {file = "grpcio-1.71.0-cp311-cp311-manylinux_2_17_aarch64.whl", hash = "sha256:e6f83a583ed0a5b08c5bc7a3fe860bb3c2eac1f03f1f63e0bc2091325605d2b7"},
    {file = "grpcio-1.71.0-cp311-cp311-manylinux_2_17_i686.manylinux2014_i686.whl", hash = "sha256:4be74ddeeb92cc87190e0e376dbc8fc7736dbb6d3d454f2fa1f5be1dee26b9d7"},
    {file = "grpcio-1.71.0-cp311-cp311-manylinux_2_17_x86_64.manylinux2014_x86_64.whl", hash = "sha256:4dd0dfbe4d5eb1fcfec9490ca13f82b089a309dc3678e2edabc144051270a66e"},
    {file = "grpcio-1.71.0-cp311-cp311-musllinux_1_1_aarch64.whl", hash = "sha256:a2242d6950dc892afdf9e951ed7ff89473aaf744b7d5727ad56bdaace363722b"},
    {file = "grpcio-1.71.0-cp311-cp311-musllinux_1_1_i686.whl", hash = "sha256:0fa05ee31a20456b13ae49ad2e5d585265f71dd19fbd9ef983c28f926d45d0a7"},
    {file = "grpcio-1.71.0-cp311-cp311-musllinux_1_1_x86_64.whl", hash = "sha256:3d081e859fb1ebe176de33fc3adb26c7d46b8812f906042705346b314bde32c3"},
    {file = "grpcio-1.71.0-cp311-cp311-win32.whl", hash = "sha256:d6de81c9c00c8a23047136b11794b3584cdc1460ed7cbc10eada50614baa1444"},
    {file = "grpcio-1.71.0-cp311-cp311-win_amd64.whl", hash = "sha256:24e867651fc67717b6f896d5f0cac0ec863a8b5fb7d6441c2ab428f52c651c6b"},
    {file = "grpcio-1.71.0-cp312-cp312-linux_armv7l.whl", hash = "sha256:0ff35c8d807c1c7531d3002be03221ff9ae15712b53ab46e2a0b4bb271f38537"},
    {file = "grpcio-1.71.0-cp312-cp312-macosx_10_14_universal2.whl", hash = "sha256:b78a99cd1ece4be92ab7c07765a0b038194ded2e0a26fd654591ee136088d8d7"},
    {file = "grpcio-1.71.0-cp312-cp312-manylinux_2_17_aarch64.whl", hash = "sha256:dc1a1231ed23caac1de9f943d031f1bc38d0f69d2a3b243ea0d664fc1fbd7fec"},
    {file = "grpcio-1.71.0-cp312-cp312-manylinux_2_17_i686.manylinux2014_i686.whl", hash = "sha256:e6beeea5566092c5e3c4896c6d1d307fb46b1d4bdf3e70c8340b190a69198594"},
    {file = "grpcio-1.71.0-cp312-cp312-manylinux_2_17_x86_64.manylinux2014_x86_64.whl", hash = "sha256:d5170929109450a2c031cfe87d6716f2fae39695ad5335d9106ae88cc32dc84c"},
    {file = "grpcio-1.71.0-cp312-cp312-musllinux_1_1_aarch64.whl", hash = "sha256:5b08d03ace7aca7b2fadd4baf291139b4a5f058805a8327bfe9aece7253b6d67"},
    {file = "grpcio-1.71.0-cp312-cp312-musllinux_1_1_i686.whl", hash = "sha256:f903017db76bf9cc2b2d8bdd37bf04b505bbccad6be8a81e1542206875d0e9db"},
    {file = "grpcio-1.71.0-cp312-cp312-musllinux_1_1_x86_64.whl", hash = "sha256:469f42a0b410883185eab4689060a20488a1a0a00f8bbb3cbc1061197b4c5a79"},
    {file = "grpcio-1.71.0-cp312-cp312-win32.whl", hash = "sha256:ad9f30838550695b5eb302add33f21f7301b882937460dd24f24b3cc5a95067a"},
    {file = "grpcio-1.71.0-cp312-cp312-win_amd64.whl", hash = "sha256:652350609332de6dac4ece254e5d7e1ff834e203d6afb769601f286886f6f3a8"},
    {file = "grpcio-1.71.0-cp313-cp313-linux_armv7l.whl", hash = "sha256:cebc1b34ba40a312ab480ccdb396ff3c529377a2fce72c45a741f7215bfe8379"},
    {file = "grpcio-1.71.0-cp313-cp313-macosx_10_14_universal2.whl", hash = "sha256:85da336e3649a3d2171e82f696b5cad2c6231fdd5bad52616476235681bee5b3"},
    {file = "grpcio-1.71.0-cp313-cp313-manylinux_2_17_aarch64.whl", hash = "sha256:f9a412f55bb6e8f3bb000e020dbc1e709627dcb3a56f6431fa7076b4c1aab0db"},
    {file = "grpcio-1.71.0-cp313-cp313-manylinux_2_17_i686.manylinux2014_i686.whl", hash = "sha256:47be9584729534660416f6d2a3108aaeac1122f6b5bdbf9fd823e11fe6fbaa29"},
    {file = "grpcio-1.71.0-cp313-cp313-manylinux_2_17_x86_64.manylinux2014_x86_64.whl", hash = "sha256:7c9c80ac6091c916db81131d50926a93ab162a7e97e4428ffc186b6e80d6dda4"},
    {file = "grpcio-1.71.0-cp313-cp313-musllinux_1_1_aarch64.whl", hash = "sha256:789d5e2a3a15419374b7b45cd680b1e83bbc1e52b9086e49308e2c0b5bbae6e3"},
    {file = "grpcio-1.71.0-cp313-cp313-musllinux_1_1_i686.whl", hash = "sha256:1be857615e26a86d7363e8a163fade914595c81fec962b3d514a4b1e8760467b"},
    {file = "grpcio-1.71.0-cp313-cp313-musllinux_1_1_x86_64.whl", hash = "sha256:a76d39b5fafd79ed604c4be0a869ec3581a172a707e2a8d7a4858cb05a5a7637"},
    {file = "grpcio-1.71.0-cp313-cp313-win32.whl", hash = "sha256:74258dce215cb1995083daa17b379a1a5a87d275387b7ffe137f1d5131e2cfbb"},
    {file = "grpcio-1.71.0-cp313-cp313-win_amd64.whl", hash = "sha256:22c3bc8d488c039a199f7a003a38cb7635db6656fa96437a8accde8322ce2366"},
    {file = "grpcio-1.71.0-cp39-cp39-linux_armv7l.whl", hash = "sha256:c6a0a28450c16809f94e0b5bfe52cabff63e7e4b97b44123ebf77f448534d07d"},
    {file = "grpcio-1.71.0-cp39-cp39-macosx_10_14_universal2.whl", hash = "sha256:a371e6b6a5379d3692cc4ea1cb92754d2a47bdddeee755d3203d1f84ae08e03e"},
    {file = "grpcio-1.71.0-cp39-cp39-manylinux_2_17_aarch64.whl", hash = "sha256:39983a9245d37394fd59de71e88c4b295eb510a3555e0a847d9965088cdbd033"},
    {file = "grpcio-1.71.0-cp39-cp39-manylinux_2_17_i686.manylinux2014_i686.whl", hash = "sha256:9182e0063112e55e74ee7584769ec5a0b4f18252c35787f48738627e23a62b97"},
    {file = "grpcio-1.71.0-cp39-cp39-manylinux_2_17_x86_64.manylinux2014_x86_64.whl", hash = "sha256:693bc706c031aeb848849b9d1c6b63ae6bcc64057984bb91a542332b75aa4c3d"},
    {file = "grpcio-1.71.0-cp39-cp39-musllinux_1_1_aarch64.whl", hash = "sha256:20e8f653abd5ec606be69540f57289274c9ca503ed38388481e98fa396ed0b41"},
    {file = "grpcio-1.71.0-cp39-cp39-musllinux_1_1_i686.whl", hash = "sha256:8700a2a57771cc43ea295296330daaddc0d93c088f0a35cc969292b6db959bf3"},
    {file = "grpcio-1.71.0-cp39-cp39-musllinux_1_1_x86_64.whl", hash = "sha256:d35a95f05a8a2cbe8e02be137740138b3b2ea5f80bd004444e4f9a1ffc511e32"},
    {file = "grpcio-1.71.0-cp39-cp39-win32.whl", hash = "sha256:f9c30c464cb2ddfbc2ddf9400287701270fdc0f14be5f08a1e3939f1e749b455"},
    {file = "grpcio-1.71.0-cp39-cp39-win_amd64.whl", hash = "sha256:63e41b91032f298b3e973b3fa4093cbbc620c875e2da7b93e249d4728b54559a"},
    {file = "grpcio-1.71.0.tar.gz", hash = "sha256:2b85f7820475ad3edec209d3d89a7909ada16caab05d3f2e08a7e8ae3200a55c"},
]

[package.extras]
protobuf = ["grpcio-tools (>=1.71.0)"]

[[package]]
name = "httplib2"
version = "0.22.0"
description = "A comprehensive HTTP client library."
optional = false
python-versions = ">=2.7, !=3.0.*, !=3.1.*, !=3.2.*, !=3.3.*"
groups = ["main"]
files = [
    {file = "httplib2-0.22.0-py3-none-any.whl", hash = "sha256:14ae0a53c1ba8f3d37e9e27cf37eabb0fb9980f435ba405d546948b009dd64dc"},
    {file = "httplib2-0.22.0.tar.gz", hash = "sha256:d7a10bc5ef5ab08322488bde8c726eeee5c8618723fdb399597ec58f3d82df81"},
]

[package.dependencies]
pyparsing = {version = ">=2.4.2,<3.0.0 || >3.0.0,<3.0.1 || >3.0.1,<3.0.2 || >3.0.2,<3.0.3 || >3.0.3,<4", markers = "python_version > \"3.0\""}

[[package]]
name = "oauth2client"
version = "4.1.3"
description = "OAuth 2.0 client library"
optional = false
python-versions = "*"
groups = ["main"]
files = [
    {file = "oauth2client-4.1.3-py2.py3-none-any.whl", hash = "sha256:b8a81cc5d60e2d364f0b1b98f958dbd472887acaf1a5b05e21c28c31a2d6d3ac"},
    {file = "oauth2client-4.1.3.tar.gz", hash = "sha256:d486741e451287f69568a4d26d70d9acd73a2bbfa275746c535b4209891cccc6"},
]

[package.dependencies]
httplib2 = ">=0.9.1"
pyasn1 = ">=0.1.7"
pyasn1-modules = ">=0.0.5"
rsa = ">=3.1.4"
six = ">=1.6.1"

[[package]]
name = "ply"
version = "3.8"
description = "Python Lex & Yacc"
optional = false
python-versions = "*"
groups = ["main"]
files = [
    {file = "ply-3.8.tar.gz", hash = "sha256:e7d1bdff026beb159c9942f7a17e102c375638d9478a7ecd4cc0c76afd8de0b8"},
]

[[package]]
name = "protobuf"
version = "6.30.1"
description = ""
optional = false
python-versions = ">=3.9"
groups = ["main"]
files = [
    {file = "protobuf-6.30.1-cp310-abi3-win32.whl", hash = "sha256:ba0706f948d0195f5cac504da156d88174e03218d9364ab40d903788c1903d7e"},
    {file = "protobuf-6.30.1-cp310-abi3-win_amd64.whl", hash = "sha256:ed484f9ddd47f0f1bf0648806cccdb4fe2fb6b19820f9b79a5adf5dcfd1b8c5f"},
    {file = "protobuf-6.30.1-cp39-abi3-macosx_10_9_universal2.whl", hash = "sha256:aa4f7dfaed0d840b03d08d14bfdb41348feaee06a828a8c455698234135b4075"},
    {file = "protobuf-6.30.1-cp39-abi3-manylinux2014_aarch64.whl", hash = "sha256:47cd320b7db63e8c9ac35f5596ea1c1e61491d8a8eb6d8b45edc44760b53a4f6"},
    {file = "protobuf-6.30.1-cp39-abi3-manylinux2014_x86_64.whl", hash = "sha256:e3083660225fa94748ac2e407f09a899e6a28bf9c0e70c75def8d15706bf85fc"},
    {file = "protobuf-6.30.1-cp39-cp39-win32.whl", hash = "sha256:554d7e61cce2aa4c63ca27328f757a9f3867bce8ec213bf09096a8d16bcdcb6a"},
    {file = "protobuf-6.30.1-cp39-cp39-win_amd64.whl", hash = "sha256:b510f55ce60f84dc7febc619b47215b900466e3555ab8cb1ba42deb4496d6cc0"},
    {file = "protobuf-6.30.1-py3-none-any.whl", hash = "sha256:3c25e51e1359f1f5fa3b298faa6016e650d148f214db2e47671131b9063c53be"},
    {file = "protobuf-6.30.1.tar.gz", hash = "sha256:535fb4e44d0236893d5cf1263a0f706f1160b689a7ab962e9da8a9ce4050b780"},
]

[[package]]
name = "pyasn1"
version = "0.6.1"
description = "Pure-Python implementation of ASN.1 types and DER/BER/CER codecs (X.208)"
optional = false
python-versions = ">=3.8"
groups = ["main"]
files = [
    {file = "pyasn1-0.6.1-py3-none-any.whl", hash = "sha256:0d632f46f2ba09143da3a8afe9e33fb6f92fa2320ab7e886e2d0f7672af84629"},
    {file = "pyasn1-0.6.1.tar.gz", hash = "sha256:6f580d2bdd84365380830acf45550f2511469f673cb4a5ae3857a3170128b034"},
]

[[package]]
name = "pyasn1-modules"
version = "0.4.1"
description = "A collection of ASN.1-based protocols modules"
optional = false
python-versions = ">=3.8"
groups = ["main"]
files = [
    {file = "pyasn1_modules-0.4.1-py3-none-any.whl", hash = "sha256:49bfa96b45a292b711e986f222502c1c9a5e1f4e568fc30e2574a6c7d07838fd"},
    {file = "pyasn1_modules-0.4.1.tar.gz", hash = "sha256:c28e2dbf9c06ad61c71a075c7e0f9fd0f1b0bb2d2ad4377f240d33ac2ab60a7c"},
]

[package.dependencies]
pyasn1 = ">=0.4.6,<0.7.0"

[[package]]
name = "pyparsing"
version = "3.2.1"
description = "pyparsing module - Classes and methods to define and execute parsing grammars"
optional = false
python-versions = ">=3.9"
groups = ["main"]
files = [
    {file = "pyparsing-3.2.1-py3-none-any.whl", hash = "sha256:506ff4f4386c4cec0590ec19e6302d3aedb992fdc02c761e90416f158dacf8e1"},
    {file = "pyparsing-3.2.1.tar.gz", hash = "sha256:61980854fd66de3a90028d679a954d5f2623e83144b5afe5ee86f43d762e5f0a"},
]

[package.extras]
diagrams = ["jinja2", "railroad-diagrams"]

[[package]]
name = "rsa"
version = "4.2"
description = "Pure-Python RSA implementation"
optional = false
python-versions = "*"
groups = ["main"]
files = [
    {file = "rsa-4.2.tar.gz", hash = "sha256:aaefa4b84752e3e99bd8333a2e1e3e7a7da64614042bd66f775573424370108a"},
]

[package.dependencies]
pyasn1 = ">=0.1.3"

[[package]]
name = "six"
version = "1.17.0"
description = "Python 2 and 3 compatibility utilities"
optional = false
python-versions = "!=3.0.*,!=3.1.*,!=3.2.*,>=2.7"
groups = ["main"]
files = [
    {file = "six-1.17.0-py2.py3-none-any.whl", hash = "sha256:4721f391ed90541fddacab5acf947aa0d3dc7d27b2e1e8eda2be8970586c3274"},
    {file = "six-1.17.0.tar.gz", hash = "sha256:ff70335d468e7eb6ec65b95b99d3a2836546063f63acc5171de367e834932a81"},
]

[metadata]
lock-version = "2.1"
python-versions = ">=3.11"
content-hash = "a79937f6830026a034c41becc59c7aedb55a6a3d0ea805b6a3def7b11e511183"
