version = 1
revision = 3
requires-python = ">=3.12"

[manifest]

[manifest.dependency-groups]
dev = [{ name = "playwright", specifier = ">=1.58.0" }]

[[package]]
name = "greenlet"
version = "3.3.2"
source = { registry = "https://us-python.pkg.dev/artifact-foundry-prod/ah-3p-staging-python/simple/" }
sdist = { url = "https://us-python.pkg.dev/artifact-foundry-prod/ah-3p-staging-python/greenlet/greenlet-3.3.2.tar.gz", hash = "sha256:2eaf067fc6d886931c7962e8c6bede15d2f01965560f3359b27c80bde2d151f2" }
wheels = [
    { url = "https://us-python.pkg.dev/artifact-foundry-prod/ah-3p-staging-python/greenlet/greenlet-3.3.2-cp312-cp312-macosx_11_0_universal2.whl", hash = "sha256:ac8d61d4343b799d1e526db579833d72f23759c71e07181c2d2944e429eb09cd" },
    { url = "https://us-python.pkg.dev/artifact-foundry-prod/ah-3p-staging-python/greenlet/greenlet-3.3.2-cp312-cp312-manylinux_2_24_aarch64.manylinux_2_28_aarch64.whl", hash = "sha256:3ceec72030dae6ac0c8ed7591b96b70410a8be370b6a477b1dbc072856ad02bd" },
    { url = "https://us-python.pkg.dev/artifact-foundry-prod/ah-3p-staging-python/greenlet/greenlet-3.3.2-cp312-cp312-manylinux_2_24_ppc64le.manylinux_2_28_ppc64le.whl", hash = "sha256:a2a5be83a45ce6188c045bcc44b0ee037d6a518978de9a5d97438548b953a1ac" },
    { url = "https://us-python.pkg.dev/artifact-foundry-prod/ah-3p-staging-python/greenlet/greenlet-3.3.2-cp312-cp312-manylinux_2_24_s390x.manylinux_2_28_s390x.whl", hash = "sha256:ae9e21c84035c490506c17002f5c8ab25f980205c3e61ddb3a2a2a2e6c411fcb" },
    { url = "https://us-python.pkg.dev/artifact-foundry-prod/ah-3p-staging-python/greenlet/greenlet-3.3.2-cp312-cp312-manylinux_2_24_x86_64.manylinux_2_28_x86_64.whl", hash = "sha256:43e99d1749147ac21dde49b99c9abffcbc1e2d55c67501465ef0930d6e78e070" },
    { url = "https://us-python.pkg.dev/artifact-foundry-prod/ah-3p-staging-python/greenlet/greenlet-3.3.2-cp312-cp312-musllinux_1_2_aarch64.whl", hash = "sha256:4c956a19350e2c37f2c48b336a3afb4bff120b36076d9d7fb68cb44e05d95b79" },
    { url = "https://us-python.pkg.dev/artifact-foundry-prod/ah-3p-staging-python/greenlet/greenlet-3.3.2-cp312-cp312-musllinux_1_2_x86_64.whl", hash = "sha256:6c6f8ba97d17a1e7d664151284cb3315fc5f8353e75221ed4324f84eb162b395" },
    { url = "https://us-python.pkg.dev/artifact-foundry-prod/ah-3p-staging-python/greenlet/greenlet-3.3.2-cp312-cp312-win_amd64.whl", hash = "sha256:34308836d8370bddadb41f5a7ce96879b72e2fdfb4e87729330c6ab52376409f" },
    { url = "https://us-python.pkg.dev/artifact-foundry-prod/ah-3p-staging-python/greenlet/greenlet-3.3.2-cp312-cp312-win_arm64.whl", hash = "sha256:d3a62fa76a32b462a97198e4c9e99afb9ab375115e74e9a83ce180e7a496f643" },
    { url = "https://us-python.pkg.dev/artifact-foundry-prod/ah-3p-staging-python/greenlet/greenlet-3.3.2-cp313-cp313-macosx_11_0_universal2.whl", hash = "sha256:aa6ac98bdfd716a749b84d4034486863fd81c3abde9aa3cf8eff9127981a4ae4" },
    { url = "https://us-python.pkg.dev/artifact-foundry-prod/ah-3p-staging-python/greenlet/greenlet-3.3.2-cp313-cp313-manylinux_2_24_aarch64.manylinux_2_28_aarch64.whl", hash = "sha256:ab0c7e7901a00bc0a7284907273dc165b32e0d109a6713babd04471327ff7986" },
    { url = "https://us-python.pkg.dev/artifact-foundry-prod/ah-3p-staging-python/greenlet/greenlet-3.3.2-cp313-cp313-manylinux_2_24_ppc64le.manylinux_2_28_ppc64le.whl", hash = "sha256:d248d8c23c67d2291ffd47af766e2a3aa9fa1c6703155c099feb11f526c63a92" },
    { url = "https://us-python.pkg.dev/artifact-foundry-prod/ah-3p-staging-python/greenlet/greenlet-3.3.2-cp313-cp313-manylinux_2_24_s390x.manylinux_2_28_s390x.whl", hash = "sha256:ccd21bb86944ca9be6d967cf7691e658e43417782bce90b5d2faeda0ff78a7dd" },
    { url = "https://us-python.pkg.dev/artifact-foundry-prod/ah-3p-staging-python/greenlet/greenlet-3.3.2-cp313-cp313-manylinux_2_24_x86_64.manylinux_2_28_x86_64.whl", hash = "sha256:b6997d360a4e6a4e936c0f9625b1c20416b8a0ea18a8e19cabbefc712e7397ab" },
    { url = "https://us-python.pkg.dev/artifact-foundry-prod/ah-3p-staging-python/greenlet/greenlet-3.3.2-cp313-cp313-musllinux_1_2_aarch64.whl", hash = "sha256:64970c33a50551c7c50491671265d8954046cb6e8e2999aacdd60e439b70418a" },
    { url = "https://us-python.pkg.dev/artifact-foundry-prod/ah-3p-staging-python/greenlet/greenlet-3.3.2-cp313-cp313-musllinux_1_2_x86_64.whl", hash = "sha256:1a9172f5bf6bd88e6ba5a84e0a68afeac9dc7b6b412b245dd64f52d83c81e55b" },
    { url = "https://us-python.pkg.dev/artifact-foundry-prod/ah-3p-staging-python/greenlet/greenlet-3.3.2-cp313-cp313-win_amd64.whl", hash = "sha256:a7945dd0eab63ded0a48e4dcade82939783c172290a7903ebde9e184333ca124" },
    { url = "https://us-python.pkg.dev/artifact-foundry-prod/ah-3p-staging-python/greenlet/greenlet-3.3.2-cp313-cp313-win_arm64.whl", hash = "sha256:394ead29063ee3515b4e775216cb756b2e3b4a7e55ae8fd884f17fa579e6b327" },
    { url = "https://us-python.pkg.dev/artifact-foundry-prod/ah-3p-staging-python/greenlet/greenlet-3.3.2-cp314-cp314-macosx_11_0_universal2.whl", hash = "sha256:8d1658d7291f9859beed69a776c10822a0a799bc4bfe1bd4272bb60e62507dab" },
    { url = "https://us-python.pkg.dev/artifact-foundry-prod/ah-3p-staging-python/greenlet/greenlet-3.3.2-cp314-cp314-manylinux_2_24_aarch64.manylinux_2_28_aarch64.whl", hash = "sha256:18cb1b7337bca281915b3c5d5ae19f4e76d35e1df80f4ad3c1a7be91fadf1082" },
    { url = "https://us-python.pkg.dev/artifact-foundry-prod/ah-3p-staging-python/greenlet/greenlet-3.3.2-cp314-cp314-manylinux_2_24_ppc64le.manylinux_2_28_ppc64le.whl", hash = "sha256:c2e47408e8ce1c6f1ceea0dffcdf6ebb85cc09e55c7af407c99f1112016e45e9" },
    { url = "https://us-python.pkg.dev/artifact-foundry-prod/ah-3p-staging-python/greenlet/greenlet-3.3.2-cp314-cp314-manylinux_2_24_s390x.manylinux_2_28_s390x.whl", hash = "sha256:e3cb43ce200f59483eb82949bf1835a99cf43d7571e900d7c8d5c62cdf25d2f9" },
    { url = "https://us-python.pkg.dev/artifact-foundry-prod/ah-3p-staging-python/greenlet/greenlet-3.3.2-cp314-cp314-manylinux_2_24_x86_64.manylinux_2_28_x86_64.whl", hash = "sha256:63d10328839d1973e5ba35e98cccbca71b232b14051fd957b6f8b6e8e80d0506" },
    { url = "https://us-python.pkg.dev/artifact-foundry-prod/ah-3p-staging-python/greenlet/greenlet-3.3.2-cp314-cp314-musllinux_1_2_aarch64.whl", hash = "sha256:8e4ab3cfb02993c8cc248ea73d7dae6cec0253e9afa311c9b37e603ca9fad2ce" },
    { url = "https://us-python.pkg.dev/artifact-foundry-prod/ah-3p-staging-python/greenlet/greenlet-3.3.2-cp314-cp314-musllinux_1_2_x86_64.whl", hash = "sha256:94ad81f0fd3c0c0681a018a976e5c2bd2ca2d9d94895f23e7bb1af4e8af4e2d5" },
    { url = "https://us-python.pkg.dev/artifact-foundry-prod/ah-3p-staging-python/greenlet/greenlet-3.3.2-cp314-cp314-win_amd64.whl", hash = "sha256:8c4dd0f3997cf2512f7601563cc90dfb8957c0cff1e3a1b23991d4ea1776c492" },
    { url = "https://us-python.pkg.dev/artifact-foundry-prod/ah-3p-staging-python/greenlet/greenlet-3.3.2-cp314-cp314-win_arm64.whl", hash = "sha256:cd6f9e2bbd46321ba3bbb4c8a15794d32960e3b0ae2cc4d49a1a53d314805d71" },
    { url = "https://us-python.pkg.dev/artifact-foundry-prod/ah-3p-staging-python/greenlet/greenlet-3.3.2-cp314-cp314t-macosx_11_0_universal2.whl", hash = "sha256:e26e72bec7ab387ac80caa7496e0f908ff954f31065b0ffc1f8ecb1338b11b54" },
    { url = "https://us-python.pkg.dev/artifact-foundry-prod/ah-3p-staging-python/greenlet/greenlet-3.3.2-cp314-cp314t-manylinux_2_24_aarch64.manylinux_2_28_aarch64.whl", hash = "sha256:8b466dff7a4ffda6ca975979bab80bdadde979e29fc947ac3be4451428d8b0e4" },
    { url = "https://us-python.pkg.dev/artifact-foundry-prod/ah-3p-staging-python/greenlet/greenlet-3.3.2-cp314-cp314t-manylinux_2_24_ppc64le.manylinux_2_28_ppc64le.whl", hash = "sha256:b8bddc5b73c9720bea487b3bffdb1840fe4e3656fba3bd40aa1489e9f37877ff" },
    { url = "https://us-python.pkg.dev/artifact-foundry-prod/ah-3p-staging-python/greenlet/greenlet-3.3.2-cp314-cp314t-manylinux_2_24_s390x.manylinux_2_28_s390x.whl", hash = "sha256:59b3e2c40f6706b05a9cd299c836c6aa2378cabe25d021acd80f13abf81181cf" },
    { url = "https://us-python.pkg.dev/artifact-foundry-prod/ah-3p-staging-python/greenlet/greenlet-3.3.2-cp314-cp314t-manylinux_2_24_x86_64.manylinux_2_28_x86_64.whl", hash = "sha256:b26b0f4428b871a751968285a1ac9648944cea09807177ac639b030bddebcea4" },
    { url = "https://us-python.pkg.dev/artifact-foundry-prod/ah-3p-staging-python/greenlet/greenlet-3.3.2-cp314-cp314t-musllinux_1_2_aarch64.whl", hash = "sha256:1fb39a11ee2e4d94be9a76671482be9398560955c9e568550de0224e41104727" },
    { url = "https://us-python.pkg.dev/artifact-foundry-prod/ah-3p-staging-python/greenlet/greenlet-3.3.2-cp314-cp314t-musllinux_1_2_x86_64.whl", hash = "sha256:20154044d9085151bc309e7689d6f7ba10027f8f5a8c0676ad398b951913d89e" },
    { url = "https://us-python.pkg.dev/artifact-foundry-prod/ah-3p-staging-python/greenlet/greenlet-3.3.2-cp314-cp314t-win_amd64.whl", hash = "sha256:c04c5e06ec3e022cbfe2cd4a846e1d4e50087444f875ff6d2c2ad8445495cf1a" },
]

[[package]]
name = "playwright"
version = "1.58.0"
source = { registry = "https://us-python.pkg.dev/artifact-foundry-prod/ah-3p-staging-python/simple/" }
dependencies = [
    { name = "greenlet" },
    { name = "pyee" },
]
wheels = [
    { url = "https://us-python.pkg.dev/artifact-foundry-prod/ah-3p-staging-python/playwright/playwright-1.58.0-py3-none-macosx_10_13_x86_64.whl", hash = "sha256:96e3204aac292ee639edbfdef6298b4be2ea0a55a16b7068df91adac077cc606" },
    { url = "https://us-python.pkg.dev/artifact-foundry-prod/ah-3p-staging-python/playwright/playwright-1.58.0-py3-none-macosx_11_0_arm64.whl", hash = "sha256:70c763694739d28df71ed578b9c8202bb83e8fe8fb9268c04dd13afe36301f71" },
    { url = "https://us-python.pkg.dev/artifact-foundry-prod/ah-3p-staging-python/playwright/playwright-1.58.0-py3-none-macosx_11_0_universal2.whl", hash = "sha256:185e0132578733d02802dfddfbbc35f42be23a45ff49ccae5081f25952238117" },
    { url = "https://us-python.pkg.dev/artifact-foundry-prod/ah-3p-staging-python/playwright/playwright-1.58.0-py3-none-manylinux1_x86_64.whl", hash = "sha256:c95568ba1eda83812598c1dc9be60b4406dffd60b149bc1536180ad108723d6b" },
    { url = "https://us-python.pkg.dev/artifact-foundry-prod/ah-3p-staging-python/playwright/playwright-1.58.0-py3-none-manylinux_2_17_aarch64.manylinux2014_aarch64.whl", hash = "sha256:8f9999948f1ab541d98812de25e3a8c410776aa516d948807140aff797b4bffa" },
    { url = "https://us-python.pkg.dev/artifact-foundry-prod/ah-3p-staging-python/playwright/playwright-1.58.0-py3-none-win32.whl", hash = "sha256:1e03be090e75a0fabbdaeab65ce17c308c425d879fa48bb1d7986f96bfad0b99" },
    { url = "https://us-python.pkg.dev/artifact-foundry-prod/ah-3p-staging-python/playwright/playwright-1.58.0-py3-none-win_amd64.whl", hash = "sha256:a2bf639d0ce33b3ba38de777e08697b0d8f3dc07ab6802e4ac53fb65e3907af8" },
    { url = "https://us-python.pkg.dev/artifact-foundry-prod/ah-3p-staging-python/playwright/playwright-1.58.0-py3-none-win_arm64.whl", hash = "sha256:32ffe5c303901a13a0ecab91d1c3f74baf73b84f4bedbb6b935f5bc11cc98e1b" },
]

[[package]]
name = "pyee"
version = "13.0.1"
source = { registry = "https://us-python.pkg.dev/artifact-foundry-prod/ah-3p-staging-python/simple/" }
dependencies = [
    { name = "typing-extensions" },
]
sdist = { url = "https://us-python.pkg.dev/artifact-foundry-prod/ah-3p-staging-python/pyee/pyee-13.0.1.tar.gz", hash = "sha256:0b931f7c14535667ed4c7e0d531716368715e860b988770fc7eb8578d1f67fc8" }
wheels = [
    { url = "https://us-python.pkg.dev/artifact-foundry-prod/ah-3p-staging-python/pyee/pyee-13.0.1-py3-none-any.whl", hash = "sha256:af2f8fede4171ef667dfded53f96e2ed0d6e6bd7ee3bb46437f77e3b57689228" },
]

[[package]]
name = "typing-extensions"
version = "4.15.0"
source = { registry = "https://us-python.pkg.dev/artifact-foundry-prod/ah-3p-staging-python/simple/" }
sdist = { url = "https://us-python.pkg.dev/artifact-foundry-prod/ah-3p-staging-python/typing-extensions/typing_extensions-4.15.0.tar.gz", hash = "sha256:0cea48d173cc12fa28ecabc3b837ea3cf6f38c6d1136f85cbaaf598984861466" }
wheels = [
    { url = "https://us-python.pkg.dev/artifact-foundry-prod/ah-3p-staging-python/typing-extensions/typing_extensions-4.15.0-py3-none-any.whl", hash = "sha256:f0fa19c6845758ab08074a0cfa8b7aecb71c999ca73d62883bc25cc018c4e548" },
]
